{
  "name": "url",
  "version": "1.0.0",
  "lockfileVersion": 2,
  "requires": true,
  "packages": {
    "": {
      "version": "1.0.0",
      "license": "MIT",
      "dependencies": {
        "gh-pages-travis": "^1.0.4"
      }
    },
    "node_modules/gh-pages-travis": {
      "version": "1.0.4",
      "resolved": "https://registry.npmjs.org/gh-pages-travis/-/gh-pages-travis-1.0.4.tgz",
      "integrity": "sha1-tPkYvG1yP8Fg04CwoBFnII+L+Kc=",
      "bin": {
        "gh-pages-travis": "bin/gh-pages-travis.sh"
      }
    }
  },
  "dependencies": {
    "gh-pages-travis": {
      "version": "1.0.4",
      "resolved": "https://registry.npmjs.org/gh-pages-travis/-/gh-pages-travis-1.0.4.tgz",
      "integrity": "sha1-tPkYvG1yP8Fg04CwoBFnII+L+Kc="
    }
  }
}
